
Microsoft Visual Studio Solution File, Format Version 12.00
# Visual Studio 15
VisualStudioVersion = 15.0.28010.2026
MinimumVisualStudioVersion = 10.0.40219.1
Project("{FAE04EC0-301F-11D3-BF4B-00C04F79EFBC}") = "TNet_OpenShift", "TNet_OpenShift\TNet_OpenShift.csproj", "{6FECF835-B66B-47A4-92B2-70B0B301444A}"
EndProject
Global
	GlobalSection(SolutionConfigurationPlatforms) = preSolution
		Debug|Any CPU = Debug|Any CPU
		Release|Any CPU = Release|Any CPU
	EndGlobalSection
	GlobalSection(ProjectConfigurationPlatforms) = postSolution
		{6FECF835-B66B-47A4-92B2-70B0B301444A}.Debug|Any CPU.ActiveCfg = Debug|Any CPU
		{6FECF835-B66B-47A4-92B2-70B0B301444A}.Debug|Any CPU.Build.0 = Debug|Any CPU
		{6FECF835-B66B-47A4-92B2-70B0B301444A}.Release|Any CPU.ActiveCfg = Release|Any CPU
		{6FECF835-B66B-47A4-92B2-70B0B301444A}.Release|Any CPU.Build.0 = Release|Any CPU
	EndGlobalSection
	GlobalSection(SolutionProperties) = preSolution
		HideSolutionNode = FALSE
	EndGlobalSection
	GlobalSection(ExtensibilityGlobals) = postSolution
		SolutionGuid = {28E42714-78E7-41EE-9497-50D4C78BA6CA}
	EndGlobalSection
EndGlobal
